PODS:
  - Alamofire (5.6.1)
  - CryptoSwift (1.3.8)
  - DropDown (2.3.13)
  - FSPagerView (0.8.3)
  - IQKeyboardManagerSwift (6.5.5)
  - KeychainAccess (4.2.2)
  - Kingfisher (8.9.0)
  - KxMenu (1)
  - MarqueeLabel (4.3.0)
  - MJRefresh (3.7.5)
  - Moya (14.0.0):
    - Moya/Core (= 14.0.0)
  - Moya/Core (14.0.0):
    - Alamofire (~> 5.0)
  - Moya/RxSwift (14.0.0):
    - Moya/Core
    - RxSwift (~> 5.0)
  - RAGTextField (0.14.0)
  - RxCocoa (5.1.1):
    - RxRelay (~> 5)
    - RxSwift (~> 5)
  - RxRelay (5.1.3):
    - RxSwift (~> 5)
  - RxSwift (5.1.2)
  - SnapKit (5.6.0)
  - Starscream (3.0.6)
  - SwiftMessages (9.0.6):
    - SwiftMessages/App (= 9.0.6)
  - SwiftMessages/App (9.0.6)
  - URLNavigator (2.3.0)
  - XLPagerTabStrip (9.1.0)

DEPENDENCIES:
  - Alamofire (~> 5.6.1)
  - CryptoSwift (~> 1.3.2)
  - DropDown (= 2.3.13)
  - FSPagerView (= 0.8.3)
  - IQKeyboardManagerSwift (= 6.5.5)
  - KeychainAccess (= 4.2.2)
  - Kingfisher (~> 8.0)
  - KxMenu (= 1)
  - MarqueeLabel (= 4.3.0)
  - MJRefresh (= 3.7.5)
  - Moya (= 14.0.0)
  - Moya/RxSwift (= 14.0.0)
  - RAGTextField (= 0.14.0)
  - RxCocoa (= 5.1.1)
  - RxSwift (= 5.1.2)
  - SnapKit (= 5.6.0)
  - Starscream (= 3.0.6)
  - SwiftMessages (= 9.0.6)
  - URLNavigator (= 2.3.0)
  - XLPagerTabStrip (~> 9.0)

SPEC REPOS:
  trunk:
    - Alamofire
    - CryptoSwift
    - DropDown
    - FSPagerView
    - IQKeyboardManagerSwift
    - KeychainAccess
    - Kingfisher
    - KxMenu
    - MarqueeLabel
    - MJRefresh
    - Moya
    - RAGTextField
    - RxCocoa
    - RxRelay
    - RxSwift
    - SnapKit
    - Starscream
    - SwiftMessages
    - URLNavigator
    - XLPagerTabStrip

SPEC CHECKSUMS:
  Alamofire: 87bd8c952f9a4454320fce00d9cc3de57bcadaf5
  CryptoSwift: 01b0f0cba1d5c212e5a335ff6c054fb75a204f00
  DropDown: 8a2116376c1981888557f72ec2ffc9a5e0e456ec
  FSPagerView: 670405b2f18e2a87fa37f20b00de783e562c25a8
  IQKeyboardManagerSwift: 0fb93310284665245591f50f7a5e38de615960b7
  KeychainAccess: c0c4f7f38f6fc7bbe58f5702e25f7bd2f65abf51
  Kingfisher: 90f3a3c2871a71e01d5493c1c196fc2d3ff132cf
  KxMenu: c025365712f55fa99feb7830fbb7dea0e912be72
  MarqueeLabel: 02f5ac8fd6877c94564556cb93fa86c70c08baeb
  MJRefresh: fdf5e979eb406a0341468932d1dfc8b7f9fce961
  Moya: 5b45dacb75adb009f97fde91c204c1e565d31916
  RAGTextField: ebeab17ae88ce880a85601af33edc2879fa53813
  RxCocoa: 32065309a38d29b5b0db858819b5bf9ef038b601
  RxRelay: 5a18c2eb2d68326ebaf0112f80d837ae41b92b97
  RxSwift: 1e2e1f9570186967f617e49128ed26ccf1bafc8e
  SnapKit: e01d52ebb8ddbc333eefe2132acf85c8227d9c25
  Starscream: ef3ece99d765eeccb67de105bfa143f929026cf5
  SwiftMessages: f0c7ef4705a570ad6c5e208b611f4333e660ed92
  URLNavigator: 2593c0e2d293732ec5c44503cf54dceba1a68085
  XLPagerTabStrip: 27f3bfe23c53b4251c6481b06b1c289458a3fc1d

PODFILE CHECKSUM: d8df68d6925d97252b79bc64f44ea92bc74c2bca

COCOAPODS: 1.16.2
